// !$*UTF8*$!
{
	archiveVersion = 1;
	classes = {
	};
	objectVersion = 56;
	objects = {

/* Begin PBXBuildFile section */
		3B6352072CA1561000BEB6F8 /* ToDoListApp.swift in Sources */ = {isa = PBXBuildFile; fileRef = 3B6352062CA1561000BEB6F8 /* ToDoListApp.swift */; };
		3B6352092CA1561000BEB6F8 /* ContentView.swift in Sources */ = {isa = PBXBuildFile; fileRef = 3B6352082CA1561000BEB6F8 /* ContentView.swift */; };
		3B63520B2CA1561200BEB6F8 /* Assets.xcassets in Resources */ = {isa = PBXBuildFile; fileRef = 3B63520A2CA1561200BEB6F8 /* Assets.xcassets */; };
		3B63520E2CA1561200BEB6F8 /* Preview Assets.xcassets in Resources */ = {isa = PBXBuildFile; fileRef = 3B63520D2CA1561200BEB6F8 /* Preview Assets.xcassets */; };
		3B6352172CA1568800BEB6F8 /* Task.swift in Sources */ = {isa = PBXBuildFile; fileRef = 3B6352162CA1568800BEB6F8 /* Task.swift */; };
		3B6352192CA159F300BEB6F8 /* TaskGroup.swift in Sources */ = {isa = PBXBuildFile; fileRef = 3B6352182CA159F300BEB6F8 /* TaskGroup.swift */; };
		3B63521B2CA15B8700BEB6F8 /* TaskSection.swift in Sources */ = {isa = PBXBuildFile; fileRef = 3B63521A2CA15B8700BEB6F8 /* TaskSection.swift */; };
		3B63521D2CA15DD100BEB6F8 /* SidebarView.swift in Sources */ = {isa = PBXBuildFile; fileRef = 3B63521C2CA15DD100BEB6F8 /* SidebarView.swift */; };
		3B63521F2CA15DF000BEB6F8 /* StaticTaskListView.swift in Sources */ = {isa = PBXBuildFile; fileRef = 3B63521E2CA15DF000BEB6F8 /* StaticTaskListView.swift */; };
		3B6352212CA16A4800BEB6F8 /* TaskListView.swift in Sources */ = {isa = PBXBuildFile; fileRef = 3B6352202CA16A4800BEB6F8 /* TaskListView.swift */; };
		3B6352232CA16C9600BEB6F8 /* TaskView.swift in Sources */ = {isa = PBXBuildFile; fileRef = 3B6352222CA16C9600BEB6F8 /* TaskView.swift */; };
/* End PBXBuildFile section */

/* Begin PBXFileReference section */
		3B6352032CA1561000BEB6F8 /* ToDoList.app */ = {isa = PBXFileReference; explicitFileType = wrapper.application; includeInIndex = 0; path = ToDoList.app; sourceTree = BUILT_PRODUCTS_DIR; };
		3B6352062CA1561000BEB6F8 /* ToDoListApp.swift */ = {isa = PBXFileReference; lastKnownFileType = sourcecode.swift; path = ToDoListApp.swift; sourceTree = "<group>"; };
		3B6352082CA1561000BEB6F8 /* ContentView.swift */ = {isa = PBXFileReference; lastKnownFileType = sourcecode.swift; path = ContentView.swift; sourceTree = "<group>"; };
		3B63520A2CA1561200BEB6F8 /* Assets.xcassets */ = {isa = PBXFileReference; lastKnownFileType = folder.assetcatalog; path = Assets.xcassets; sourceTree = "<group>"; };
		3B63520D2CA1561200BEB6F8 /* Preview Assets.xcassets */ = {isa = PBXFileReference; lastKnownFileType = folder.assetcatalog; path = "Preview Assets.xcassets"; sourceTree = "<group>"; };
		3B63520F2CA1561200BEB6F8 /* ToDoList.entitlements */ = {isa = PBXFileReference; lastKnownFileType = text.plist.entitlements; path = ToDoList.entitlements; sourceTree = "<group>"; };
		3B6352162CA1568800BEB6F8 /* Task.swift */ = {isa = PBXFileReference; lastKnownFileType = sourcecode.swift; path = Task.swift; sourceTree = "<group>"; };
		3B6352182CA159F300BEB6F8 /* TaskGroup.swift */ = {isa = PBXFileReference; lastKnownFileType = sourcecode.swift; path = TaskGroup.swift; sourceTree = "<group>"; };
		3B63521A2CA15B8700BEB6F8 /* TaskSection.swift */ = {isa = PBXFileReference; lastKnownFileType = sourcecode.swift; path = TaskSection.swift; sourceTree = "<group>"; };
		3B63521C2CA15DD100BEB6F8 /* SidebarView.swift */ = {isa = PBXFileReference; lastKnownFileType = sourcecode.swift; path = SidebarView.swift; sourceTree = "<group>"; };
		3B63521E2CA15DF000BEB6F8 /* StaticTaskListView.swift */ = {isa = PBXFileReference; lastKnownFileType = sourcecode.swift; path = StaticTaskListView.swift; sourceTree = "<group>"; };
		3B6352202CA16A4800BEB6F8 /* TaskListView.swift */ = {isa = PBXFileReference; lastKnownFileType = sourcecode.swift; path = TaskListView.swift; sourceTree = "<group>"; };
		3B6352222CA16C9600BEB6F8 /* TaskView.swift */ = {isa = PBXFileReference; lastKnownFileType = sourcecode.swift; path = TaskView.swift; sourceTree = "<group>"; };
/* End PBXFileReference section */

/* Begin PBXFrameworksBuildPhase section */
		3B6352002CA1561000BEB6F8 /* Frameworks */ = {
			isa = PBXFrameworksBuildPhase;
			buildActionMask = 2147483647;
			files = (
			);
			runOnlyForDeploymentPostprocessing = 0;
		};
/* End PBXFrameworksBuildPhase section */

/* Begin PBXGroup section */
		3B6351FA2CA1560F00BEB6F8 = {
			isa = PBXGroup;
			children = (
				3B6352052CA1561000BEB6F8 /* ToDoList */,
				3B6352042CA1561000BEB6F8 /* Products */,
			);
			sourceTree = "<group>";
		};
		3B6352042CA1561000BEB6F8 /* Products */ = {
			isa = PBXGroup;
			children = (
				3B6352032CA1561000BEB6F8 /* ToDoList.app */,
			);
			name = Products;
			sourceTree = "<group>";
		};
		3B6352052CA1561000BEB6F8 /* ToDoList */ = {
			isa = PBXGroup;
			children = (
				3B6352152CA1567400BEB6F8 /* Model */,
				3B6352062CA1561000BEB6F8 /* ToDoListApp.swift */,
				3B6352082CA1561000BEB6F8 /* ContentView.swift */,
				3B63520A2CA1561200BEB6F8 /* Assets.xcassets */,
				3B63520F2CA1561200BEB6F8 /* ToDoList.entitlements */,
				3B63520C2CA1561200BEB6F8 /* Preview Content */,
				3B63521C2CA15DD100BEB6F8 /* SidebarView.swift */,
				3B63521E2CA15DF000BEB6F8 /* StaticTaskListView.swift */,
				3B6352202CA16A4800BEB6F8 /* TaskListView.swift */,
				3B6352222CA16C9600BEB6F8 /* TaskView.swift */,
			);
			path = ToDoList;
			sourceTree = "<group>";
		};
		3B63520C2CA1561200BEB6F8 /* Preview Content */ = {
			isa = PBXGroup;
			children = (
				3B63520D2CA1561200BEB6F8 /* Preview Assets.xcassets */,
			);
			path = "Preview Content";
			sourceTree = "<group>";
		};
		3B6352152CA1567400BEB6F8 /* Model */ = {
			isa = PBXGroup;
			children = (
				3B6352162CA1568800BEB6F8 /* Task.swift */,
				3B6352182CA159F300BEB6F8 /* TaskGroup.swift */,
				3B63521A2CA15B8700BEB6F8 /* TaskSection.swift */,
			);
			path = Model;
			sourceTree = "<group>";
		};
/* End PBXGroup section */

/* Begin PBXNativeTarget section */
		3B6352022CA1561000BEB6F8 /* ToDoList */ = {
			isa = PBXNativeTarget;
			buildConfigurationList = 3B6352122CA1561200BEB6F8 /* Build configuration list for PBXNativeTarget "ToDoList" */;
			buildPhases = (
				3B6351FF2CA1561000BEB6F8 /* Sources */,
				3B6352002CA1561000BEB6F8 /* Frameworks */,
				3B6352012CA1561000BEB6F8 /* Resources */,
			);
			buildRules = (
			);
			dependencies = (
			);
			name = ToDoList;
			productName = ToDoList;
			productReference = 3B6352032CA1561000BEB6F8 /* ToDoList.app */;
			productType = "com.apple.product-type.application";
		};
/* End PBXNativeTarget section */

/* Begin PBXProject section */
		3B6351FB2CA1560F00BEB6F8 /* Project object */ = {
			isa = PBXProject;
			attributes = {
				BuildIndependentTargetsInParallel = 1;
				LastSwiftUpdateCheck = 1530;
				LastUpgradeCheck = 1530;
				TargetAttributes = {
					3B6352022CA1561000BEB6F8 = {
						CreatedOnToolsVersion = 15.3;
					};
				};
			};
			buildConfigurationList = 3B6351FE2CA1560F00BEB6F8 /* Build configuration list for PBXProject "ToDoList" */;
			compatibilityVersion = "Xcode 14.0";
			developmentRegion = en;
			hasScannedForEncodings = 0;
			knownRegions = (
				en,
				Base,
			);
			mainGroup = 3B6351FA2CA1560F00BEB6F8;
			productRefGroup = 3B6352042CA1561000BEB6F8 /* Products */;
			projectDirPath = "";
			projectRoot = "";
			targets = (
				3B6352022CA1561000BEB6F8 /* ToDoList */,
			);
		};
/* End PBXProject section */

/* Begin PBXResourcesBuildPhase section */
		3B6352012CA1561000BEB6F8 /* Resources */ = {
			isa = PBXResourcesBuildPhase;
			buildActionMask = 2147483647;
			files = (
				3B63520E2CA1561200BEB6F8 /* Preview Assets.xcassets in Resources */,
				3B63520B2CA1561200BEB6F8 /* Assets.xcassets in Resources */,
			);
			runOnlyForDeploymentPostprocessing = 0;
		};
/* End PBXResourcesBuildPhase section */

/* Begin PBXSourcesBuildPhase section */
		3B6351FF2CA1561000BEB6F8 /* Sources */ = {
			isa = PBXSourcesBuildPhase;
			buildActionMask = 2147483647;
			files = (
				3B6352232CA16C9600BEB6F8 /* TaskView.swift in Sources */,
				3B63521F2CA15DF000BEB6F8 /* StaticTaskListView.swift in Sources */,
				3B6352092CA1561000BEB6F8 /* ContentView.swift in Sources */,
				3B6352172CA1568800BEB6F8 /* Task.swift in Sources */,
				3B63521B2CA15B8700BEB6F8 /* TaskSection.swift in Sources */,
				3B6352192CA159F300BEB6F8 /* TaskGroup.swift in Sources */,
				3B6352072CA1561000BEB6F8 /* ToDoListApp.swift in Sources */,
				3B63521D2CA15DD100BEB6F8 /* SidebarView.swift in Sources */,
				3B6352212CA16A4800BEB6F8 /* TaskListView.swift in Sources */,
			);
			runOnlyForDeploymentPostprocessing = 0;
		};
/* End PBXSourcesBuildPhase section */

/* Begin XCBuildConfiguration section */
		3B6352102CA1561200BEB6F8 /* Debug */ = {
			isa = XCBuildConfiguration;
			buildSettings = {
				ALWAYS_SEARCH_USER_PATHS = NO;
				ASSETCATALOG_COMPILER_GENERATE_SWIFT_ASSET_SYMBOL_EXTENSIONS = YES;
				CLANG_ANALYZER_NONNULL = YES;
				CLANG_ANALYZER_NUMBER_OBJECT_CONVERSION = YES_AGGRESSIVE;
				CLANG_CXX_LANGUAGE_STANDARD = "gnu++20";
				CLANG_ENABLE_MODULES = YES;
				CLANG_ENABLE_OBJC_ARC = YES;
				CLANG_ENABLE_OBJC_WEAK = YES;
				CLANG_WARN_BLOCK_CAPTURE_AUTORELEASING = YES;
				CLANG_WARN_BOOL_CONVERSION = YES;
				CLANG_WARN_COMMA = YES;
				CLANG_WARN_CONSTANT_CONVERSION = YES;
				CLANG_WARN_DEPRECATED_OBJC_IMPLEMENTATIONS = YES;
				CLANG_WARN_DIRECT_OBJC_ISA_USAGE = YES_ERROR;
				CLANG_WARN_DOCUMENTATION_COMMENTS = YES;
				CLANG_WARN_EMPTY_BODY = YES;
				CLANG_WARN_ENUM_CONVERSION = YES;
				CLANG_WARN_INFINITE_RECURSION = YES;
				CLANG_WARN_INT_CONVERSION = YES;
				CLANG_WARN_NON_LITERAL_NULL_CONVERSION = YES;
				CLANG_WARN_OBJC_IMPLICIT_RETAIN_SELF = YES;
				CLANG_WARN_OBJC_LITERAL_CONVERSION = YES;
				CLANG_WARN_OBJC_ROOT_CLASS = YES_ERROR;
				CLANG_WARN_QUOTED_INCLUDE_IN_FRAMEWORK_HEADER = YES;
				CLANG_WARN_RANGE_LOOP_ANALYSIS = YES;
				CLANG_WARN_STRICT_PROTOTYPES = YES;
				CLANG_WARN_SUSPICIOUS_MOVE = YES;
				CLANG_WARN_UNGUARDED_AVAILABILITY = YES_AGGRESSIVE;
				CLANG_WARN_UNREACHABLE_CODE = YES;
				CLANG_WARN__DUPLICATE_METHOD_MATCH = YES;
				COPY_PHASE_STRIP = NO;
				DEBUG_INFORMATION_FORMAT = dwarf;
				ENABLE_STRICT_OBJC_MSGSEND = YES;
				ENABLE_TESTABILITY = YES;
				ENABLE_USER_SCRIPT_SANDBOXING = YES;
				GCC_C_LANGUAGE_STANDARD = gnu17;
				GCC_DYNAMIC_NO_PIC = NO;
				GCC_NO_COMMON_BLOCKS = YES;
				GCC_OPTIMIZATION_LEVEL = 0;
				GCC_PREPROCESSOR_DEFINITIONS = (
					"DEBUG=1",
					"$(inherited)",
				);
				GCC_WARN_64_TO_32_BIT_CONVERSION = YES;
				GCC_WARN_ABOUT_RETURN_TYPE = YES_ERROR;
				GCC_WARN_UNDECLARED_SELECTOR = YES;
				GCC_WARN_UNINITIALIZED_AUTOS = YES_AGGRESSIVE;
				GCC_WARN_UNUSED_FUNCTION = YES;
				GCC_WARN_UNUSED_VARIABLE = YES;
				LOCALIZATION_PREFERS_STRING_CATALOGS = YES;
				MACOSX_DEPLOYMENT_TARGET = 14.3;
				MTL_ENABLE_DEBUG_INFO = INCLUDE_SOURCE;
				MTL_FAST_MATH = YES;
				ONLY_ACTIVE_ARCH = YES;
				SDKROOT = macosx;
				SWIFT_ACTIVE_COMPILATION_CONDITIONS = "DEBUG $(inherited)";
				SWIFT_OPTIMIZATION_LEVEL = "-Onone";
			};
			name = Debug;
		};
		3B6352112CA1561200BEB6F8 /* Release */ = {
			isa = XCBuildConfiguration;
			buildSettings = {
				ALWAYS_SEARCH_USER_PATHS = NO;
				ASSETCATALOG_COMPILER_GENERATE_SWIFT_ASSET_SYMBOL_EXTENSIONS = YES;
				CLANG_ANALYZER_NONNULL = YES;
				CLANG_ANALYZER_NUMBER_OBJECT_CONVERSION = YES_AGGRESSIVE;
				CLANG_CXX_LANGUAGE_STANDARD = "gnu++20";
				CLANG_ENABLE_MODULES = YES;
				CLANG_ENABLE_OBJC_ARC = YES;
				CLANG_ENABLE_OBJC_WEAK = YES;
				CLANG_WARN_BLOCK_CAPTURE_AUTORELEASING = YES;
				CLANG_WARN_BOOL_CONVERSION = YES;
				CLANG_WARN_COMMA = YES;
				CLANG_WARN_CONSTANT_CONVERSION = YES;
				CLANG_WARN_DEPRECATED_OBJC_IMPLEMENTATIONS = YES;
				CLANG_WARN_DIRECT_OBJC_ISA_USAGE = YES_ERROR;
				CLANG_WARN_DOCUMENTATION_COMMENTS = YES;
				CLANG_WARN_EMPTY_BODY = YES;
				CLANG_WARN_ENUM_CONVERSION = YES;
				CLANG_WARN_INFINITE_RECURSION = YES;
				CLANG_WARN_INT_CONVERSION = YES;
				CLANG_WARN_NON_LITERAL_NULL_CONVERSION = YES;
				CLANG_WARN_OBJC_IMPLICIT_RETAIN_SELF = YES;
				CLANG_WARN_OBJC_LITERAL_CONVERSION = YES;
				CLANG_WARN_OBJC_ROOT_CLASS = YES_ERROR;
				CLANG_WARN_QUOTED_INCLUDE_IN_FRAMEWORK_HEADER = YES;
				CLANG_WARN_RANGE_LOOP_ANALYSIS = YES;
				CLANG_WARN_STRICT_PROTOTYPES = YES;
				CLANG_WARN_SUSPICIOUS_MOVE = YES;
				CLANG_WARN_UNGUARDED_AVAILABILITY = YES_AGGRESSIVE;
				CLANG_WARN_UNREACHABLE_CODE = YES;
				CLANG_WARN__DUPLICATE_METHOD_MATCH = YES;
				COPY_PHASE_STRIP = NO;
				DEBUG_INFORMATION_FORMAT = "dwarf-with-dsym";
				ENABLE_NS_ASSERTIONS = NO;
				ENABLE_STRICT_OBJC_MSGSEND = YES;
				ENABLE_USER_SCRIPT_SANDBOXING = YES;
				GCC_C_LANGUAGE_STANDARD = gnu17;
				GCC_NO_COMMON_BLOCKS = YES;
				GCC_WARN_64_TO_32_BIT_CONVERSION = YES;
				GCC_WARN_ABOUT_RETURN_TYPE = YES_ERROR;
				GCC_WARN_UNDECLARED_SELECTOR = YES;
				GCC_WARN_UNINITIALIZED_AUTOS = YES_AGGRESSIVE;
				GCC_WARN_UNUSED_FUNCTION = YES;
				GCC_WARN_UNUSED_VARIABLE = YES;
				LOCALIZATION_PREFERS_STRING_CATALOGS = YES;
				MACOSX_DEPLOYMENT_TARGET = 14.3;
				MTL_ENABLE_DEBUG_INFO = NO;
				MTL_FAST_MATH = YES;
				SDKROOT = macosx;
				SWIFT_COMPILATION_MODE = wholemodule;
			};
			name = Release;
		};
		3B6352132CA1561200BEB6F8 /* Debug */ = {
			isa = XCBuildConfiguration;
			buildSettings = {
				ASSETCATALOG_COMPILER_APPICON_NAME = AppIcon;
				ASSETCATALOG_COMPILER_GLOBAL_ACCENT_COLOR_NAME = AccentColor;
				CODE_SIGN_ENTITLEMENTS = ToDoList/ToDoList.entitlements;
				CODE_SIGN_STYLE = Automatic;
				COMBINE_HIDPI_IMAGES = YES;
				CURRENT_PROJECT_VERSION = 1;
				DEVELOPMENT_ASSET_PATHS = "\"ToDoList/Preview Content\"";
				DEVELOPMENT_TEAM = X9Q77JZUM7;
				ENABLE_HARDENED_RUNTIME = YES;
				ENABLE_PREVIEWS = YES;
				GENERATE_INFOPLIST_FILE = YES;
				INFOPLIST_KEY_CFBundleDisplayName = Taskly;
				INFOPLIST_KEY_LSApplicationCategoryType = "public.app-category.productivity";
				INFOPLIST_KEY_NSHumanReadableCopyright = "";
				LD_RUNPATH_SEARCH_PATHS = (
					"$(inherited)",
					"@executable_path/../Frameworks",
				);
				MARKETING_VERSION = 1.0;
				PRODUCT_BUNDLE_IDENTIFIER = "evank-wc.ToDoList";
				PRODUCT_NAME = "$(TARGET_NAME)";
				SWIFT_EMIT_LOC_STRINGS = YES;
				SWIFT_VERSION = 5.0;
			};
			name = Debug;
		};
		3B6352142CA1561200BEB6F8 /* Release */ = {
			isa = XCBuildConfiguration;
			buildSettings = {
				ASSETCATALOG_COMPILER_APPICON_NAME = AppIcon;
				ASSETCATALOG_COMPILER_GLOBAL_ACCENT_COLOR_NAME = AccentColor;
				CODE_SIGN_ENTITLEMENTS = ToDoList/ToDoList.entitlements;
				CODE_SIGN_STYLE = Automatic;
				COMBINE_HIDPI_IMAGES = YES;
				CURRENT_PROJECT_VERSION = 1;
				DEVELOPMENT_ASSET_PATHS = "\"ToDoList/Preview Content\"";
				DEVELOPMENT_TEAM = X9Q77JZUM7;
				ENABLE_HARDENED_RUNTIME = YES;
				ENABLE_PREVIEWS = YES;
				GENERATE_INFOPLIST_FILE = YES;
				INFOPLIST_KEY_CFBundleDisplayName = Taskly;
				INFOPLIST_KEY_LSApplicationCategoryType = "public.app-category.productivity";
				INFOPLIST_KEY_NSHumanReadableCopyright = "";
				LD_RUNPATH_SEARCH_PATHS = (
					"$(inherited)",
					"@executable_path/../Frameworks",
				);
				MARKETING_VERSION = 1.0;
				PRODUCT_BUNDLE_IDENTIFIER = "evank-wc.ToDoList";
				PRODUCT_NAME = "$(TARGET_NAME)";
				SWIFT_EMIT_LOC_STRINGS = YES;
				SWIFT_VERSION = 5.0;
			};
			name = Release;
		};
/* End XCBuildConfiguration section */

/* Begin XCConfigurationList section */
		3B6351FE2CA1560F00BEB6F8 /* Build configuration list for PBXProject "ToDoList" */ = {
			isa = XCConfigurationList;
			buildConfigurations = (
				3B6352102CA1561200BEB6F8 /* Debug */,
				3B6352112CA1561200BEB6F8 /* Release */,
			);
			defaultConfigurationIsVisible = 0;
			defaultConfigurationName = Release;
		};
		3B6352122CA1561200BEB6F8 /* Build configuration list for PBXNativeTarget "ToDoList" */ = {
			isa = XCConfigurationList;
			buildConfigurations = (
				3B6352132CA1561200BEB6F8 /* Debug */,
				3B6352142CA1561200BEB6F8 /* Release */,
			);
			defaultConfigurationIsVisible = 0;
			defaultConfigurationName = Release;
		};
/* End XCConfigurationList section */
	};
	rootObject = 3B6351FB2CA1560F00BEB6F8 /* Project object */;
}
